
Microsoft Visual Studio Solution File, Format Version 12.00
# Visual Studio 15
VisualStudioVersion = 15.0.28307.421
MinimumVisualStudioVersion = 10.0.40219.1
Project("{FAE04EC0-301F-11D3-BF4B-00C04F79EFBC}") = "HackerEarth", "SetAsStartUpApplicatin\HackerEarth.csproj", "{1169F765-A7A0-4015-8A5B-AD6D0C7AEA22}"
EndProject
Global
	GlobalSection(SolutionConfigurationPlatforms) = preSolution
		Debug|Any CPU = Debug|Any CPU
		Release|Any CPU = Release|Any CPU
	EndGlobalSection
	GlobalSection(ProjectConfigurationPlatforms) = postSolution
		{1169F765-A7A0-4015-8A5B-AD6D0C7AEA22}.Debug|Any CPU.ActiveCfg = Debug|Any CPU
		{1169F765-A7A0-4015-8A5B-AD6D0C7AEA22}.Debug|Any CPU.Build.0 = Debug|Any CPU
		{1169F765-A7A0-4015-8A5B-AD6D0C7AEA22}.Release|Any CPU.ActiveCfg = Release|Any CPU
		{1169F765-A7A0-4015-8A5B-AD6D0C7AEA22}.Release|Any CPU.Build.0 = Release|Any CPU
	EndGlobalSection
	GlobalSection(SolutionProperties) = preSolution
		HideSolutionNode = FALSE
	EndGlobalSection
	GlobalSection(ExtensibilityGlobals) = postSolution
		SolutionGuid = {1C9E04FE-61CB-48CF-8C5F-FAEA63166590}
	EndGlobalSection
EndGlobal
